
Microsoft Visual Studio Solution File, Format Version 11.00
# Visual Studio 2010
Project("{2150E333-8FDC-42A3-9474-1A3956D46DE8}") = ".nuget", ".nuget", "{CD4B2C36-A95B-482A-A9DE-9B62E12B93FD}"
	ProjectSection(SolutionItems) = preProject
		.nuget\NuGet.exe = .nuget\NuGet.exe
		.nuget\NuGet.targets = .nuget\NuGet.targets
	EndProjectSection
EndProject
Project("{888888A0-9F3D-457C-B088-3A5042F75D52}") = "FlippingGame", "FlippingGame\FlippingGame.pyproj", "{2F477831-52B5-4184-B579-B5E3A0DB2D66}"
EndProject
Project("{FAE04EC0-301F-11D3-BF4B-00C04F79EFBC}") = "ConsoleSample", "ConsoleSample\ConsoleSample.csproj", "{40BC8BDE-81E0-48EC-9AC2-FB2A739E5144}"
EndProject
Project("{FAE04EC0-301F-11D3-BF4B-00C04F79EFBC}") = "WinFormsSample", "WinFormsSample\WinFormsSample.csproj", "{1940BB9C-9F27-417B-A227-2E69C0A8C172}"
EndProject
Global
	GlobalSection(SolutionConfigurationPlatforms) = preSolution
		Debug|Any CPU = Debug|Any CPU
		Debug|Mixed Platforms = Debug|Mixed Platforms
		Debug|x86 = Debug|x86
		Release|Any CPU = Release|Any CPU
		Release|Mixed Platforms = Release|Mixed Platforms
		Release|x86 = Release|x86
	EndGlobalSection
	GlobalSection(ProjectConfigurationPlatforms) = postSolution
		{2F477831-52B5-4184-B579-B5E3A0DB2D66}.Debug|Any CPU.ActiveCfg = Debug|Any CPU
		{2F477831-52B5-4184-B579-B5E3A0DB2D66}.Debug|Mixed Platforms.ActiveCfg = Debug|Any CPU
		{2F477831-52B5-4184-B579-B5E3A0DB2D66}.Debug|x86.ActiveCfg = Debug|Any CPU
		{2F477831-52B5-4184-B579-B5E3A0DB2D66}.Release|Any CPU.ActiveCfg = Release|Any CPU
		{2F477831-52B5-4184-B579-B5E3A0DB2D66}.Release|Mixed Platforms.ActiveCfg = Release|Any CPU
		{2F477831-52B5-4184-B579-B5E3A0DB2D66}.Release|x86.ActiveCfg = Release|Any CPU
		{40BC8BDE-81E0-48EC-9AC2-FB2A739E5144}.Debug|Any CPU.ActiveCfg = Debug|x86
		{40BC8BDE-81E0-48EC-9AC2-FB2A739E5144}.Debug|Mixed Platforms.ActiveCfg = Debug|x86
		{40BC8BDE-81E0-48EC-9AC2-FB2A739E5144}.Debug|Mixed Platforms.Build.0 = Debug|x86
		{40BC8BDE-81E0-48EC-9AC2-FB2A739E5144}.Debug|x86.ActiveCfg = Debug|x86
		{40BC8BDE-81E0-48EC-9AC2-FB2A739E5144}.Debug|x86.Build.0 = Debug|x86
		{40BC8BDE-81E0-48EC-9AC2-FB2A739E5144}.Release|Any CPU.ActiveCfg = Release|x86
		{40BC8BDE-81E0-48EC-9AC2-FB2A739E5144}.Release|Mixed Platforms.ActiveCfg = Release|x86
		{40BC8BDE-81E0-48EC-9AC2-FB2A739E5144}.Release|Mixed Platforms.Build.0 = Release|x86
		{40BC8BDE-81E0-48EC-9AC2-FB2A739E5144}.Release|x86.ActiveCfg = Release|x86
		{40BC8BDE-81E0-48EC-9AC2-FB2A739E5144}.Release|x86.Build.0 = Release|x86
		{1940BB9C-9F27-417B-A227-2E69C0A8C172}.Debug|Any CPU.ActiveCfg = Debug|x86
		{1940BB9C-9F27-417B-A227-2E69C0A8C172}.Debug|Mixed Platforms.ActiveCfg = Debug|x86
		{1940BB9C-9F27-417B-A227-2E69C0A8C172}.Debug|Mixed Platforms.Build.0 = Debug|x86
		{1940BB9C-9F27-417B-A227-2E69C0A8C172}.Debug|x86.ActiveCfg = Debug|x86
		{1940BB9C-9F27-417B-A227-2E69C0A8C172}.Debug|x86.Build.0 = Debug|x86
		{1940BB9C-9F27-417B-A227-2E69C0A8C172}.Release|Any CPU.ActiveCfg = Release|x86
		{1940BB9C-9F27-417B-A227-2E69C0A8C172}.Release|Mixed Platforms.ActiveCfg = Release|x86
		{1940BB9C-9F27-417B-A227-2E69C0A8C172}.Release|Mixed Platforms.Build.0 = Release|x86
		{1940BB9C-9F27-417B-A227-2E69C0A8C172}.Release|x86.ActiveCfg = Release|x86
		{1940BB9C-9F27-417B-A227-2E69C0A8C172}.Release|x86.Build.0 = Release|x86
	EndGlobalSection
	GlobalSection(SolutionProperties) = preSolution
		HideSolutionNode = FALSE
	EndGlobalSection
EndGlobal
